
Microsoft Visual Studio Solution File, Format Version 12.00
# Visual Studio 2013
VisualStudioVersion = 12.0.30110.0
MinimumVisualStudioVersion = 10.0.40219.1
Project("{FAE04EC0-301F-11D3-BF4B-00C04F79EFBC}") = "AEGIS.Core", "AEGIS.Core\AEGIS.Core.csproj", "{33852080-7C0A-4B62-9281-5E25B2E1F130}"
EndProject
Project("{FAE04EC0-301F-11D3-BF4B-00C04F79EFBC}") = "AEGIS.Numerics", "AEGIS.Numerics\AEGIS.Numerics.csproj", "{89DDCE89-0A0E-4DFD-B16F-05E020E873E1}"
EndProject
Project("{FAE04EC0-301F-11D3-BF4B-00C04F79EFBC}") = "AEGIS.Tests.Numerics", "AEGIS.Tests.Numerics\AEGIS.Tests.Numerics.csproj", "{154F0AFE-29C4-4F8D-B79A-04A1374F0F89}"
EndProject
Project("{FAE04EC0-301F-11D3-BF4B-00C04F79EFBC}") = "AEGIS.Tests.Core", "AEGIS.Tests.Core\AEGIS.Tests.Core.csproj", "{EEA65617-BA78-4CF9-B084-72FA0D04F054}"
EndProject
Project("{FAE04EC0-301F-11D3-BF4B-00C04F79EFBC}") = "AEGIS.Core.Spectral", "AEGIS.Core.Spectral\AEGIS.Core.Spectral.csproj", "{DE84226A-73AA-4AA6-B68B-417E9E8615C6}"
EndProject
Project("{FAE04EC0-301F-11D3-BF4B-00C04F79EFBC}") = "AEGIS.Tests.Core.Spectral", "AEGIS.Tests.Core.Spectral\AEGIS.Tests.Core.Spectral.csproj", "{980293E8-69B4-4B44-B144-A4D94E94A6EF}"
EndProject
Project("{FAE04EC0-301F-11D3-BF4B-00C04F79EFBC}") = "AEGIS.Core.Graphs", "AEGIS.Core.Graphs\AEGIS.Core.Graphs.csproj", "{FF03243F-3D48-440F-AE8A-195FE93837F1}"
EndProject
Project("{FAE04EC0-301F-11D3-BF4B-00C04F79EFBC}") = "AEGIS.Tests.Core.Graphs", "AEGIS.Tests.Core.Graphs\AEGIS.Tests.Core.Graphs.csproj", "{397267E3-EF5A-451E-B0A6-221B2A4C1559}"
EndProject
Project("{FAE04EC0-301F-11D3-BF4B-00C04F79EFBC}") = "AEGIS.Core.Reference", "AEGIS.Core.Reference\AEGIS.Core.Reference.csproj", "{BBF043A5-9195-43B3-8E01-459B5E66F136}"
EndProject
Project("{FAE04EC0-301F-11D3-BF4B-00C04F79EFBC}") = "AEGIS.Tests.Core.Reference", "AEGIS.Tests.Core.Reference\AEGIS.Tests.Core.Reference.csproj", "{A60304A6-92A9-45A5-B486-5F3C29727230}"
EndProject
Project("{FAE04EC0-301F-11D3-BF4B-00C04F79EFBC}") = "AEGIS.IO", "AEGIS.IO\AEGIS.IO.csproj", "{06119CFD-1E6F-44E4-B3FD-9C81A126C8BF}"
EndProject
Project("{FAE04EC0-301F-11D3-BF4B-00C04F79EFBC}") = "AEGIS.Tests.IO", "AEGIS.Tests.IO\AEGIS.Tests.IO.csproj", "{A4B5A3E0-11FE-4F58-ACFF-01E2E9146C71}"
EndProject
Project("{FAE04EC0-301F-11D3-BF4B-00C04F79EFBC}") = "AEGIS.IO.Spectral", "AEGIS.IO.Spectral\AEGIS.IO.Spectral.csproj", "{10B2784A-3A36-4987-8FC7-FCE2F73E97D2}"
EndProject
Project("{FAE04EC0-301F-11D3-BF4B-00C04F79EFBC}") = "AEGIS.Temporal", "AEGIS.Temporal\AEGIS.Temporal.csproj", "{02E62ED3-5F63-4972-AD9D-A5B6949620E7}"
EndProject
Project("{FAE04EC0-301F-11D3-BF4B-00C04F79EFBC}") = "AEGIS.Temporal.Reference", "AEGIS.Temporal.Reference\AEGIS.Temporal.Reference.csproj", "{16F31A87-2E6D-432A-A9DA-F0EE2181D644}"
EndProject
Project("{FAE04EC0-301F-11D3-BF4B-00C04F79EFBC}") = "AEGIS.Tests.Temporal.Reference", "AEGIS.Tests.Temporal.Reference\AEGIS.Tests.Temporal.Reference.csproj", "{ECD99753-A459-41C2-BAD1-CD82153D0EF1}"
EndProject
Project("{FAE04EC0-301F-11D3-BF4B-00C04F79EFBC}") = "AEGIS.Tests.IO.Spectral", "AEGIS.Tests.IO.Spectral\AEGIS.Tests.IO.Spectral.csproj", "{54E12608-DC28-43AC-BD79-6708C6849A2C}"
EndProject
Project("{FAE04EC0-301F-11D3-BF4B-00C04F79EFBC}") = "AEGIS.Operations", "AEGIS.Operations\AEGIS.Operations.csproj", "{AB2101FB-62A9-4462-8920-ECD5EC2A4AC0}"
EndProject
Project("{FAE04EC0-301F-11D3-BF4B-00C04F79EFBC}") = "AEGIS.Operations.Spectral", "AEGIS.Operations.Spectral\AEGIS.Operations.Spectral.csproj", "{D01DFBCD-EC75-48C7-BE24-DF28D047DFC8}"
EndProject
Project("{FAE04EC0-301F-11D3-BF4B-00C04F79EFBC}") = "AEGIS.Operations.Graphs", "AEGIS.Operations.Graphs\AEGIS.Operations.Graphs.csproj", "{DE022FE9-43DF-434B-B781-1222786A558B}"
EndProject
Project("{FAE04EC0-301F-11D3-BF4B-00C04F79EFBC}") = "AEGIS.Operations.Reference", "AEGIS.Operations.Reference\AEGIS.Operations.Reference.csproj", "{094F9EDC-0FE7-4279-9BC4-9B1D934F841B}"
EndProject
Project("{FAE04EC0-301F-11D3-BF4B-00C04F79EFBC}") = "AEGIS.Tests.Operations", "AEGIS.Tests.Operations\AEGIS.Tests.Operations.csproj", "{08516D40-2FAF-471C-87EE-5477B4F02E54}"
EndProject
Project("{FAE04EC0-301F-11D3-BF4B-00C04F79EFBC}") = "AEGIS.Tests.Operations.Graphs", "AEGIS.Tests.Operations.Graphs\AEGIS.Tests.Operations.Graphs.csproj", "{D9E948F4-7E20-4C7D-8087-3C6DDCB285FB}"
EndProject
Project("{FAE04EC0-301F-11D3-BF4B-00C04F79EFBC}") = "AEGIS.Tests.Operations.Spectral", "AEGIS.Tests.Operations.Spectral\AEGIS.Tests.Operations.Spectral.csproj", "{51942690-0953-42B0-AF73-FA145F4FA2B4}"
EndProject
Project("{FAE04EC0-301F-11D3-BF4B-00C04F79EFBC}") = "AEGIS.Tests.Operations.Reference", "AEGIS.Tests.Operations.Reference\AEGIS.Tests.Operations.Reference.csproj", "{E3A9F9C5-E517-4656-8D14-D86500F6A10E}"
EndProject
Global
	GlobalSection(SolutionConfigurationPlatforms) = preSolution
		Debug|Any CPU = Debug|Any CPU
		Debug|Mixed Platforms = Debug|Mixed Platforms
		Debug|Win32 = Debug|Win32
		Debug|x86 = Debug|x86
		Release|Any CPU = Release|Any CPU
		Release|Mixed Platforms = Release|Mixed Platforms
		Release|Win32 = Release|Win32
		Release|x86 = Release|x86
	EndGlobalSection
	GlobalSection(ProjectConfigurationPlatforms) = postSolution
		{33852080-7C0A-4B62-9281-5E25B2E1F130}.Debug|Any CPU.ActiveCfg = Debug|Any CPU
		{33852080-7C0A-4B62-9281-5E25B2E1F130}.Debug|Any CPU.Build.0 = Debug|Any CPU
		{33852080-7C0A-4B62-9281-5E25B2E1F130}.Debug|Mixed Platforms.ActiveCfg = Debug|Any CPU
		{33852080-7C0A-4B62-9281-5E25B2E1F130}.Debug|Mixed Platforms.Build.0 = Debug|Any CPU
		{33852080-7C0A-4B62-9281-5E25B2E1F130}.Debug|Win32.ActiveCfg = Debug|Any CPU
		{33852080-7C0A-4B62-9281-5E25B2E1F130}.Debug|x86.ActiveCfg = Debug|Any CPU
		{33852080-7C0A-4B62-9281-5E25B2E1F130}.Release|Any CPU.ActiveCfg = Release|Any CPU
		{33852080-7C0A-4B62-9281-5E25B2E1F130}.Release|Any CPU.Build.0 = Release|Any CPU
		{33852080-7C0A-4B62-9281-5E25B2E1F130}.Release|Mixed Platforms.ActiveCfg = Release|Any CPU
		{33852080-7C0A-4B62-9281-5E25B2E1F130}.Release|Mixed Platforms.Build.0 = Release|Any CPU
		{33852080-7C0A-4B62-9281-5E25B2E1F130}.Release|Win32.ActiveCfg = Release|Any CPU
		{33852080-7C0A-4B62-9281-5E25B2E1F130}.Release|x86.ActiveCfg = Release|Any CPU
		{89DDCE89-0A0E-4DFD-B16F-05E020E873E1}.Debug|Any CPU.ActiveCfg = Debug|Any CPU
		{89DDCE89-0A0E-4DFD-B16F-05E020E873E1}.Debug|Any CPU.Build.0 = Debug|Any CPU
		{89DDCE89-0A0E-4DFD-B16F-05E020E873E1}.Debug|Mixed Platforms.ActiveCfg = Debug|Any CPU
		{89DDCE89-0A0E-4DFD-B16F-05E020E873E1}.Debug|Mixed Platforms.Build.0 = Debug|Any CPU
		{89DDCE89-0A0E-4DFD-B16F-05E020E873E1}.Debug|Win32.ActiveCfg = Debug|Any CPU
		{89DDCE89-0A0E-4DFD-B16F-05E020E873E1}.Debug|x86.ActiveCfg = Debug|Any CPU
		{89DDCE89-0A0E-4DFD-B16F-05E020E873E1}.Release|Any CPU.ActiveCfg = Release|Any CPU
		{89DDCE89-0A0E-4DFD-B16F-05E020E873E1}.Release|Any CPU.Build.0 = Release|Any CPU
		{89DDCE89-0A0E-4DFD-B16F-05E020E873E1}.Release|Mixed Platforms.ActiveCfg = Release|Any CPU
		{89DDCE89-0A0E-4DFD-B16F-05E020E873E1}.Release|Mixed Platforms.Build.0 = Release|Any CPU
		{89DDCE89-0A0E-4DFD-B16F-05E020E873E1}.Release|Win32.ActiveCfg = Release|Any CPU
		{89DDCE89-0A0E-4DFD-B16F-05E020E873E1}.Release|x86.ActiveCfg = Release|Any CPU
		{154F0AFE-29C4-4F8D-B79A-04A1374F0F89}.Debug|Any CPU.ActiveCfg = Debug|Any CPU
		{154F0AFE-29C4-4F8D-B79A-04A1374F0F89}.Debug|Any CPU.Build.0 = Debug|Any CPU
		{154F0AFE-29C4-4F8D-B79A-04A1374F0F89}.Debug|Mixed Platforms.ActiveCfg = Debug|Any CPU
		{154F0AFE-29C4-4F8D-B79A-04A1374F0F89}.Debug|Mixed Platforms.Build.0 = Debug|Any CPU
		{154F0AFE-29C4-4F8D-B79A-04A1374F0F89}.Debug|Win32.ActiveCfg = Debug|Any CPU
		{154F0AFE-29C4-4F8D-B79A-04A1374F0F89}.Debug|x86.ActiveCfg = Debug|Any CPU
		{154F0AFE-29C4-4F8D-B79A-04A1374F0F89}.Release|Any CPU.ActiveCfg = Release|Any CPU
		{154F0AFE-29C4-4F8D-B79A-04A1374F0F89}.Release|Any CPU.Build.0 = Release|Any CPU
		{154F0AFE-29C4-4F8D-B79A-04A1374F0F89}.Release|Mixed Platforms.ActiveCfg = Release|Any CPU
		{154F0AFE-29C4-4F8D-B79A-04A1374F0F89}.Release|Mixed Platforms.Build.0 = Release|Any CPU
		{154F0AFE-29C4-4F8D-B79A-04A1374F0F89}.Release|Win32.ActiveCfg = Release|Any CPU
		{154F0AFE-29C4-4F8D-B79A-04A1374F0F89}.Release|x86.ActiveCfg = Release|Any CPU
		{EEA65617-BA78-4CF9-B084-72FA0D04F054}.Debug|Any CPU.ActiveCfg = Debug|Any CPU
		{EEA65617-BA78-4CF9-B084-72FA0D04F054}.Debug|Any CPU.Build.0 = Debug|Any CPU
		{EEA65617-BA78-4CF9-B084-72FA0D04F054}.Debug|Mixed Platforms.ActiveCfg = Debug|Any CPU
		{EEA65617-BA78-4CF9-B084-72FA0D04F054}.Debug|Mixed Platforms.Build.0 = Debug|Any CPU
		{EEA65617-BA78-4CF9-B084-72FA0D04F054}.Debug|Win32.ActiveCfg = Debug|Any CPU
		{EEA65617-BA78-4CF9-B084-72FA0D04F054}.Debug|x86.ActiveCfg = Debug|Any CPU
		{EEA65617-BA78-4CF9-B084-72FA0D04F054}.Release|Any CPU.ActiveCfg = Release|Any CPU
		{EEA65617-BA78-4CF9-B084-72FA0D04F054}.Release|Any CPU.Build.0 = Release|Any CPU
		{EEA65617-BA78-4CF9-B084-72FA0D04F054}.Release|Mixed Platforms.ActiveCfg = Release|Any CPU
		{EEA65617-BA78-4CF9-B084-72FA0D04F054}.Release|Mixed Platforms.Build.0 = Release|Any CPU
		{EEA65617-BA78-4CF9-B084-72FA0D04F054}.Release|Win32.ActiveCfg = Release|Any CPU
		{EEA65617-BA78-4CF9-B084-72FA0D04F054}.Release|x86.ActiveCfg = Release|Any CPU
		{DE84226A-73AA-4AA6-B68B-417E9E8615C6}.Debug|Any CPU.ActiveCfg = Debug|Any CPU
		{DE84226A-73AA-4AA6-B68B-417E9E8615C6}.Debug|Any CPU.Build.0 = Debug|Any CPU
		{DE84226A-73AA-4AA6-B68B-417E9E8615C6}.Debug|Mixed Platforms.ActiveCfg = Debug|Any CPU
		{DE84226A-73AA-4AA6-B68B-417E9E8615C6}.Debug|Mixed Platforms.Build.0 = Debug|Any CPU
		{DE84226A-73AA-4AA6-B68B-417E9E8615C6}.Debug|Win32.ActiveCfg = Debug|Any CPU
		{DE84226A-73AA-4AA6-B68B-417E9E8615C6}.Debug|x86.ActiveCfg = Debug|Any CPU
		{DE84226A-73AA-4AA6-B68B-417E9E8615C6}.Release|Any CPU.ActiveCfg = Release|Any CPU
		{DE84226A-73AA-4AA6-B68B-417E9E8615C6}.Release|Any CPU.Build.0 = Release|Any CPU
		{DE84226A-73AA-4AA6-B68B-417E9E8615C6}.Release|Mixed Platforms.ActiveCfg = Release|Any CPU
		{DE84226A-73AA-4AA6-B68B-417E9E8615C6}.Release|Mixed Platforms.Build.0 = Release|Any CPU
		{DE84226A-73AA-4AA6-B68B-417E9E8615C6}.Release|Win32.ActiveCfg = Release|Any CPU
		{DE84226A-73AA-4AA6-B68B-417E9E8615C6}.Release|x86.ActiveCfg = Release|Any CPU
		{980293E8-69B4-4B44-B144-A4D94E94A6EF}.Debug|Any CPU.ActiveCfg = Debug|Any CPU
		{980293E8-69B4-4B44-B144-A4D94E94A6EF}.Debug|Any CPU.Build.0 = Debug|Any CPU
		{980293E8-69B4-4B44-B144-A4D94E94A6EF}.Debug|Mixed Platforms.ActiveCfg = Debug|Any CPU
		{980293E8-69B4-4B44-B144-A4D94E94A6EF}.Debug|Mixed Platforms.Build.0 = Debug|Any CPU
		{980293E8-69B4-4B44-B144-A4D94E94A6EF}.Debug|Win32.ActiveCfg = Debug|Any CPU
		{980293E8-69B4-4B44-B144-A4D94E94A6EF}.Debug|x86.ActiveCfg = Debug|Any CPU
		{980293E8-69B4-4B44-B144-A4D94E94A6EF}.Release|Any CPU.ActiveCfg = Release|Any CPU
		{980293E8-69B4-4B44-B144-A4D94E94A6EF}.Release|Any CPU.Build.0 = Release|Any CPU
		{980293E8-69B4-4B44-B144-A4D94E94A6EF}.Release|Mixed Platforms.ActiveCfg = Release|Any CPU
		{980293E8-69B4-4B44-B144-A4D94E94A6EF}.Release|Mixed Platforms.Build.0 = Release|Any CPU
		{980293E8-69B4-4B44-B144-A4D94E94A6EF}.Release|Win32.ActiveCfg = Release|Any CPU
		{980293E8-69B4-4B44-B144-A4D94E94A6EF}.Release|x86.ActiveCfg = Release|Any CPU
		{FF03243F-3D48-440F-AE8A-195FE93837F1}.Debug|Any CPU.ActiveCfg = Debug|Any CPU
		{FF03243F-3D48-440F-AE8A-195FE93837F1}.Debug|Any CPU.Build.0 = Debug|Any CPU
		{FF03243F-3D48-440F-AE8A-195FE93837F1}.Debug|Mixed Platforms.ActiveCfg = Debug|Any CPU
		{FF03243F-3D48-440F-AE8A-195FE93837F1}.Debug|Mixed Platforms.Build.0 = Debug|Any CPU
		{FF03243F-3D48-440F-AE8A-195FE93837F1}.Debug|Win32.ActiveCfg = Debug|Any CPU
		{FF03243F-3D48-440F-AE8A-195FE93837F1}.Debug|x86.ActiveCfg = Debug|Any CPU
		{FF03243F-3D48-440F-AE8A-195FE93837F1}.Release|Any CPU.ActiveCfg = Release|Any CPU
		{FF03243F-3D48-440F-AE8A-195FE93837F1}.Release|Any CPU.Build.0 = Release|Any CPU
		{FF03243F-3D48-440F-AE8A-195FE93837F1}.Release|Mixed Platforms.ActiveCfg = Release|Any CPU
		{FF03243F-3D48-440F-AE8A-195FE93837F1}.Release|Mixed Platforms.Build.0 = Release|Any CPU
		{FF03243F-3D48-440F-AE8A-195FE93837F1}.Release|Win32.ActiveCfg = Release|Any CPU
		{FF03243F-3D48-440F-AE8A-195FE93837F1}.Release|x86.ActiveCfg = Release|Any CPU
		{397267E3-EF5A-451E-B0A6-221B2A4C1559}.Debug|Any CPU.ActiveCfg = Debug|Any CPU
		{397267E3-EF5A-451E-B0A6-221B2A4C1559}.Debug|Any CPU.Build.0 = Debug|Any CPU
		{397267E3-EF5A-451E-B0A6-221B2A4C1559}.Debug|Mixed Platforms.ActiveCfg = Debug|Any CPU
		{397267E3-EF5A-451E-B0A6-221B2A4C1559}.Debug|Mixed Platforms.Build.0 = Debug|Any CPU
		{397267E3-EF5A-451E-B0A6-221B2A4C1559}.Debug|Win32.ActiveCfg = Debug|Any CPU
		{397267E3-EF5A-451E-B0A6-221B2A4C1559}.Debug|x86.ActiveCfg = Debug|Any CPU
		{397267E3-EF5A-451E-B0A6-221B2A4C1559}.Release|Any CPU.ActiveCfg = Release|Any CPU
		{397267E3-EF5A-451E-B0A6-221B2A4C1559}.Release|Any CPU.Build.0 = Release|Any CPU
		{397267E3-EF5A-451E-B0A6-221B2A4C1559}.Release|Mixed Platforms.ActiveCfg = Release|Any CPU
		{397267E3-EF5A-451E-B0A6-221B2A4C1559}.Release|Mixed Platforms.Build.0 = Release|Any CPU
		{397267E3-EF5A-451E-B0A6-221B2A4C1559}.Release|Win32.ActiveCfg = Release|Any CPU
		{397267E3-EF5A-451E-B0A6-221B2A4C1559}.Release|x86.ActiveCfg = Release|Any CPU
		{BBF043A5-9195-43B3-8E01-459B5E66F136}.Debug|Any CPU.ActiveCfg = Debug|Any CPU
		{BBF043A5-9195-43B3-8E01-459B5E66F136}.Debug|Any CPU.Build.0 = Debug|Any CPU
		{BBF043A5-9195-43B3-8E01-459B5E66F136}.Debug|Mixed Platforms.ActiveCfg = Debug|Any CPU
		{BBF043A5-9195-43B3-8E01-459B5E66F136}.Debug|Mixed Platforms.Build.0 = Debug|Any CPU
		{BBF043A5-9195-43B3-8E01-459B5E66F136}.Debug|Win32.ActiveCfg = Debug|Any CPU
		{BBF043A5-9195-43B3-8E01-459B5E66F136}.Debug|x86.ActiveCfg = Debug|Any CPU
		{BBF043A5-9195-43B3-8E01-459B5E66F136}.Release|Any CPU.ActiveCfg = Release|Any CPU
		{BBF043A5-9195-43B3-8E01-459B5E66F136}.Release|Any CPU.Build.0 = Release|Any CPU
		{BBF043A5-9195-43B3-8E01-459B5E66F136}.Release|Mixed Platforms.ActiveCfg = Release|Any CPU
		{BBF043A5-9195-43B3-8E01-459B5E66F136}.Release|Mixed Platforms.Build.0 = Release|Any CPU
		{BBF043A5-9195-43B3-8E01-459B5E66F136}.Release|Win32.ActiveCfg = Release|Any CPU
		{BBF043A5-9195-43B3-8E01-459B5E66F136}.Release|x86.ActiveCfg = Release|Any CPU
		{A60304A6-92A9-45A5-B486-5F3C29727230}.Debug|Any CPU.ActiveCfg = Debug|Any CPU
		{A60304A6-92A9-45A5-B486-5F3C29727230}.Debug|Any CPU.Build.0 = Debug|Any CPU
		{A60304A6-92A9-45A5-B486-5F3C29727230}.Debug|Mixed Platforms.ActiveCfg = Debug|Any CPU
		{A60304A6-92A9-45A5-B486-5F3C29727230}.Debug|Mixed Platforms.Build.0 = Debug|Any CPU
		{A60304A6-92A9-45A5-B486-5F3C29727230}.Debug|Win32.ActiveCfg = Debug|Any CPU
		{A60304A6-92A9-45A5-B486-5F3C29727230}.Debug|x86.ActiveCfg = Debug|Any CPU
		{A60304A6-92A9-45A5-B486-5F3C29727230}.Release|Any CPU.ActiveCfg = Release|Any CPU
		{A60304A6-92A9-45A5-B486-5F3C29727230}.Release|Any CPU.Build.0 = Release|Any CPU
		{A60304A6-92A9-45A5-B486-5F3C29727230}.Release|Mixed Platforms.ActiveCfg = Release|Any CPU
		{A60304A6-92A9-45A5-B486-5F3C29727230}.Release|Mixed Platforms.Build.0 = Release|Any CPU
		{A60304A6-92A9-45A5-B486-5F3C29727230}.Release|Win32.ActiveCfg = Release|Any CPU
		{A60304A6-92A9-45A5-B486-5F3C29727230}.Release|x86.ActiveCfg = Release|Any CPU
		{06119CFD-1E6F-44E4-B3FD-9C81A126C8BF}.Debug|Any CPU.ActiveCfg = Debug|Any CPU
		{06119CFD-1E6F-44E4-B3FD-9C81A126C8BF}.Debug|Any CPU.Build.0 = Debug|Any CPU
		{06119CFD-1E6F-44E4-B3FD-9C81A126C8BF}.Debug|Mixed Platforms.ActiveCfg = Debug|Any CPU
		{06119CFD-1E6F-44E4-B3FD-9C81A126C8BF}.Debug|Mixed Platforms.Build.0 = Debug|Any CPU
		{06119CFD-1E6F-44E4-B3FD-9C81A126C8BF}.Debug|Win32.ActiveCfg = Debug|Any CPU
		{06119CFD-1E6F-44E4-B3FD-9C81A126C8BF}.Debug|x86.ActiveCfg = Debug|Any CPU
		{06119CFD-1E6F-44E4-B3FD-9C81A126C8BF}.Release|Any CPU.ActiveCfg = Release|Any CPU
		{06119CFD-1E6F-44E4-B3FD-9C81A126C8BF}.Release|Any CPU.Build.0 = Release|Any CPU
		{06119CFD-1E6F-44E4-B3FD-9C81A126C8BF}.Release|Mixed Platforms.ActiveCfg = Release|Any CPU
		{06119CFD-1E6F-44E4-B3FD-9C81A126C8BF}.Release|Mixed Platforms.Build.0 = Release|Any CPU
		{06119CFD-1E6F-44E4-B3FD-9C81A126C8BF}.Release|Win32.ActiveCfg = Release|Any CPU
		{06119CFD-1E6F-44E4-B3FD-9C81A126C8BF}.Release|x86.ActiveCfg = Release|Any CPU
		{A4B5A3E0-11FE-4F58-ACFF-01E2E9146C71}.Debug|Any CPU.ActiveCfg = Debug|Any CPU
		{A4B5A3E0-11FE-4F58-ACFF-01E2E9146C71}.Debug|Any CPU.Build.0 = Debug|Any CPU
		{A4B5A3E0-11FE-4F58-ACFF-01E2E9146C71}.Debug|Mixed Platforms.ActiveCfg = Debug|Any CPU
		{A4B5A3E0-11FE-4F58-ACFF-01E2E9146C71}.Debug|Mixed Platforms.Build.0 = Debug|Any CPU
		{A4B5A3E0-11FE-4F58-ACFF-01E2E9146C71}.Debug|Win32.ActiveCfg = Debug|Any CPU
		{A4B5A3E0-11FE-4F58-ACFF-01E2E9146C71}.Debug|x86.ActiveCfg = Debug|Any CPU
		{A4B5A3E0-11FE-4F58-ACFF-01E2E9146C71}.Release|Any CPU.ActiveCfg = Release|Any CPU
		{A4B5A3E0-11FE-4F58-ACFF-01E2E9146C71}.Release|Any CPU.Build.0 = Release|Any CPU
		{A4B5A3E0-11FE-4F58-ACFF-01E2E9146C71}.Release|Mixed Platforms.ActiveCfg = Release|Any CPU
		{A4B5A3E0-11FE-4F58-ACFF-01E2E9146C71}.Release|Mixed Platforms.Build.0 = Release|Any CPU
		{A4B5A3E0-11FE-4F58-ACFF-01E2E9146C71}.Release|Win32.ActiveCfg = Release|Any CPU
		{A4B5A3E0-11FE-4F58-ACFF-01E2E9146C71}.Release|x86.ActiveCfg = Release|Any CPU
		{10B2784A-3A36-4987-8FC7-FCE2F73E97D2}.Debug|Any CPU.ActiveCfg = Debug|Any CPU
		{10B2784A-3A36-4987-8FC7-FCE2F73E97D2}.Debug|Any CPU.Build.0 = Debug|Any CPU
		{10B2784A-3A36-4987-8FC7-FCE2F73E97D2}.Debug|Mixed Platforms.ActiveCfg = Debug|Any CPU
		{10B2784A-3A36-4987-8FC7-FCE2F73E97D2}.Debug|Mixed Platforms.Build.0 = Debug|Any CPU
		{10B2784A-3A36-4987-8FC7-FCE2F73E97D2}.Debug|Win32.ActiveCfg = Debug|Any CPU
		{10B2784A-3A36-4987-8FC7-FCE2F73E97D2}.Debug|x86.ActiveCfg = Debug|Any CPU
		{10B2784A-3A36-4987-8FC7-FCE2F73E97D2}.Release|Any CPU.ActiveCfg = Release|Any CPU
		{10B2784A-3A36-4987-8FC7-FCE2F73E97D2}.Release|Any CPU.Build.0 = Release|Any CPU
		{10B2784A-3A36-4987-8FC7-FCE2F73E97D2}.Release|Mixed Platforms.ActiveCfg = Release|Any CPU
		{10B2784A-3A36-4987-8FC7-FCE2F73E97D2}.Release|Mixed Platforms.Build.0 = Release|Any CPU
		{10B2784A-3A36-4987-8FC7-FCE2F73E97D2}.Release|Win32.ActiveCfg = Release|Any CPU
		{10B2784A-3A36-4987-8FC7-FCE2F73E97D2}.Release|x86.ActiveCfg = Release|Any CPU
		{02E62ED3-5F63-4972-AD9D-A5B6949620E7}.Debug|Any CPU.ActiveCfg = Debug|Any CPU
		{02E62ED3-5F63-4972-AD9D-A5B6949620E7}.Debug|Any CPU.Build.0 = Debug|Any CPU
		{02E62ED3-5F63-4972-AD9D-A5B6949620E7}.Debug|Mixed Platforms.ActiveCfg = Debug|Any CPU
		{02E62ED3-5F63-4972-AD9D-A5B6949620E7}.Debug|Mixed Platforms.Build.0 = Debug|Any CPU
		{02E62ED3-5F63-4972-AD9D-A5B6949620E7}.Debug|Win32.ActiveCfg = Debug|Any CPU
		{02E62ED3-5F63-4972-AD9D-A5B6949620E7}.Debug|x86.ActiveCfg = Debug|Any CPU
		{02E62ED3-5F63-4972-AD9D-A5B6949620E7}.Release|Any CPU.ActiveCfg = Release|Any CPU
		{02E62ED3-5F63-4972-AD9D-A5B6949620E7}.Release|Any CPU.Build.0 = Release|Any CPU
		{02E62ED3-5F63-4972-AD9D-A5B6949620E7}.Release|Mixed Platforms.ActiveCfg = Release|Any CPU
		{02E62ED3-5F63-4972-AD9D-A5B6949620E7}.Release|Mixed Platforms.Build.0 = Release|Any CPU
		{02E62ED3-5F63-4972-AD9D-A5B6949620E7}.Release|Win32.ActiveCfg = Release|Any CPU
		{02E62ED3-5F63-4972-AD9D-A5B6949620E7}.Release|x86.ActiveCfg = Release|Any CPU
		{16F31A87-2E6D-432A-A9DA-F0EE2181D644}.Debug|Any CPU.ActiveCfg = Debug|Any CPU
		{16F31A87-2E6D-432A-A9DA-F0EE2181D644}.Debug|Any CPU.Build.0 = Debug|Any CPU
		{16F31A87-2E6D-432A-A9DA-F0EE2181D644}.Debug|Mixed Platforms.ActiveCfg = Debug|Any CPU
		{16F31A87-2E6D-432A-A9DA-F0EE2181D644}.Debug|Mixed Platforms.Build.0 = Debug|Any CPU
		{16F31A87-2E6D-432A-A9DA-F0EE2181D644}.Debug|Win32.ActiveCfg = Debug|Any CPU
		{16F31A87-2E6D-432A-A9DA-F0EE2181D644}.Debug|x86.ActiveCfg = Debug|Any CPU
		{16F31A87-2E6D-432A-A9DA-F0EE2181D644}.Release|Any CPU.ActiveCfg = Release|Any CPU
		{16F31A87-2E6D-432A-A9DA-F0EE2181D644}.Release|Any CPU.Build.0 = Release|Any CPU
		{16F31A87-2E6D-432A-A9DA-F0EE2181D644}.Release|Mixed Platforms.ActiveCfg = Release|Any CPU
		{16F31A87-2E6D-432A-A9DA-F0EE2181D644}.Release|Mixed Platforms.Build.0 = Release|Any CPU
		{16F31A87-2E6D-432A-A9DA-F0EE2181D644}.Release|Win32.ActiveCfg = Release|Any CPU
		{16F31A87-2E6D-432A-A9DA-F0EE2181D644}.Release|x86.ActiveCfg = Release|Any CPU
		{ECD99753-A459-41C2-BAD1-CD82153D0EF1}.Debug|Any CPU.ActiveCfg = Debug|Any CPU
		{ECD99753-A459-41C2-BAD1-CD82153D0EF1}.Debug|Any CPU.Build.0 = Debug|Any CPU
		{ECD99753-A459-41C2-BAD1-CD82153D0EF1}.Debug|Mixed Platforms.ActiveCfg = Debug|Any CPU
		{ECD99753-A459-41C2-BAD1-CD82153D0EF1}.Debug|Mixed Platforms.Build.0 = Debug|Any CPU
		{ECD99753-A459-41C2-BAD1-CD82153D0EF1}.Debug|Win32.ActiveCfg = Debug|Any CPU
		{ECD99753-A459-41C2-BAD1-CD82153D0EF1}.Debug|x86.ActiveCfg = Debug|Any CPU
		{ECD99753-A459-41C2-BAD1-CD82153D0EF1}.Release|Any CPU.ActiveCfg = Release|Any CPU
		{ECD99753-A459-41C2-BAD1-CD82153D0EF1}.Release|Any CPU.Build.0 = Release|Any CPU
		{ECD99753-A459-41C2-BAD1-CD82153D0EF1}.Release|Mixed Platforms.ActiveCfg = Release|Any CPU
		{ECD99753-A459-41C2-BAD1-CD82153D0EF1}.Release|Mixed Platforms.Build.0 = Release|Any CPU
		{ECD99753-A459-41C2-BAD1-CD82153D0EF1}.Release|Win32.ActiveCfg = Release|Any CPU
		{ECD99753-A459-41C2-BAD1-CD82153D0EF1}.Release|x86.ActiveCfg = Release|Any CPU
		{54E12608-DC28-43AC-BD79-6708C6849A2C}.Debug|Any CPU.ActiveCfg = Debug|Any CPU
		{54E12608-DC28-43AC-BD79-6708C6849A2C}.Debug|Any CPU.Build.0 = Debug|Any CPU
		{54E12608-DC28-43AC-BD79-6708C6849A2C}.Debug|Mixed Platforms.ActiveCfg = Debug|Any CPU
		{54E12608-DC28-43AC-BD79-6708C6849A2C}.Debug|Mixed Platforms.Build.0 = Debug|Any CPU
		{54E12608-DC28-43AC-BD79-6708C6849A2C}.Debug|Win32.ActiveCfg = Debug|Any CPU
		{54E12608-DC28-43AC-BD79-6708C6849A2C}.Debug|x86.ActiveCfg = Debug|Any CPU
		{54E12608-DC28-43AC-BD79-6708C6849A2C}.Release|Any CPU.ActiveCfg = Release|Any CPU
		{54E12608-DC28-43AC-BD79-6708C6849A2C}.Release|Any CPU.Build.0 = Release|Any CPU
		{54E12608-DC28-43AC-BD79-6708C6849A2C}.Release|Mixed Platforms.ActiveCfg = Release|Any CPU
		{54E12608-DC28-43AC-BD79-6708C6849A2C}.Release|Mixed Platforms.Build.0 = Release|Any CPU
		{54E12608-DC28-43AC-BD79-6708C6849A2C}.Release|Win32.ActiveCfg = Release|Any CPU
		{54E12608-DC28-43AC-BD79-6708C6849A2C}.Release|x86.ActiveCfg = Release|Any CPU
		{AB2101FB-62A9-4462-8920-ECD5EC2A4AC0}.Debug|Any CPU.ActiveCfg = Debug|Any CPU
		{AB2101FB-62A9-4462-8920-ECD5EC2A4AC0}.Debug|Any CPU.Build.0 = Debug|Any CPU
		{AB2101FB-62A9-4462-8920-ECD5EC2A4AC0}.Debug|Mixed Platforms.ActiveCfg = Debug|Any CPU
		{AB2101FB-62A9-4462-8920-ECD5EC2A4AC0}.Debug|Mixed Platforms.Build.0 = Debug|Any CPU
		{AB2101FB-62A9-4462-8920-ECD5EC2A4AC0}.Debug|Win32.ActiveCfg = Debug|Any CPU
		{AB2101FB-62A9-4462-8920-ECD5EC2A4AC0}.Debug|x86.ActiveCfg = Debug|Any CPU
		{AB2101FB-62A9-4462-8920-ECD5EC2A4AC0}.Release|Any CPU.ActiveCfg = Release|Any CPU
		{AB2101FB-62A9-4462-8920-ECD5EC2A4AC0}.Release|Any CPU.Build.0 = Release|Any CPU
		{AB2101FB-62A9-4462-8920-ECD5EC2A4AC0}.Release|Mixed Platforms.ActiveCfg = Release|Any CPU
		{AB2101FB-62A9-4462-8920-ECD5EC2A4AC0}.Release|Mixed Platforms.Build.0 = Release|Any CPU
		{AB2101FB-62A9-4462-8920-ECD5EC2A4AC0}.Release|Win32.ActiveCfg = Release|Any CPU
		{AB2101FB-62A9-4462-8920-ECD5EC2A4AC0}.Release|x86.ActiveCfg = Release|Any CPU
		{D01DFBCD-EC75-48C7-BE24-DF28D047DFC8}.Debug|Any CPU.ActiveCfg = Debug|Any CPU
		{D01DFBCD-EC75-48C7-BE24-DF28D047DFC8}.Debug|Any CPU.Build.0 = Debug|Any CPU
		{D01DFBCD-EC75-48C7-BE24-DF28D047DFC8}.Debug|Mixed Platforms.ActiveCfg = Debug|Any CPU
		{D01DFBCD-EC75-48C7-BE24-DF28D047DFC8}.Debug|Mixed Platforms.Build.0 = Debug|Any CPU
		{D01DFBCD-EC75-48C7-BE24-DF28D047DFC8}.Debug|Win32.ActiveCfg = Debug|Any CPU
		{D01DFBCD-EC75-48C7-BE24-DF28D047DFC8}.Debug|x86.ActiveCfg = Debug|Any CPU
		{D01DFBCD-EC75-48C7-BE24-DF28D047DFC8}.Release|Any CPU.ActiveCfg = Release|Any CPU
		{D01DFBCD-EC75-48C7-BE24-DF28D047DFC8}.Release|Any CPU.Build.0 = Release|Any CPU
		{D01DFBCD-EC75-48C7-BE24-DF28D047DFC8}.Release|Mixed Platforms.ActiveCfg = Release|Any CPU
		{D01DFBCD-EC75-48C7-BE24-DF28D047DFC8}.Release|Mixed Platforms.Build.0 = Release|Any CPU
		{D01DFBCD-EC75-48C7-BE24-DF28D047DFC8}.Release|Win32.ActiveCfg = Release|Any CPU
		{D01DFBCD-EC75-48C7-BE24-DF28D047DFC8}.Release|x86.ActiveCfg = Release|Any CPU
		{DE022FE9-43DF-434B-B781-1222786A558B}.Debug|Any CPU.ActiveCfg = Debug|Any CPU
		{DE022FE9-43DF-434B-B781-1222786A558B}.Debug|Any CPU.Build.0 = Debug|Any CPU
		{DE022FE9-43DF-434B-B781-1222786A558B}.Debug|Mixed Platforms.ActiveCfg = Debug|Any CPU
		{DE022FE9-43DF-434B-B781-1222786A558B}.Debug|Mixed Platforms.Build.0 = Debug|Any CPU
		{DE022FE9-43DF-434B-B781-1222786A558B}.Debug|Win32.ActiveCfg = Debug|Any CPU
		{DE022FE9-43DF-434B-B781-1222786A558B}.Debug|x86.ActiveCfg = Debug|Any CPU
		{DE022FE9-43DF-434B-B781-1222786A558B}.Release|Any CPU.ActiveCfg = Release|Any CPU
		{DE022FE9-43DF-434B-B781-1222786A558B}.Release|Any CPU.Build.0 = Release|Any CPU
		{DE022FE9-43DF-434B-B781-1222786A558B}.Release|Mixed Platforms.ActiveCfg = Release|Any CPU
		{DE022FE9-43DF-434B-B781-1222786A558B}.Release|Mixed Platforms.Build.0 = Release|Any CPU
		{DE022FE9-43DF-434B-B781-1222786A558B}.Release|Win32.ActiveCfg = Release|Any CPU
		{DE022FE9-43DF-434B-B781-1222786A558B}.Release|x86.ActiveCfg = Release|Any CPU
		{094F9EDC-0FE7-4279-9BC4-9B1D934F841B}.Debug|Any CPU.ActiveCfg = Debug|Any CPU
		{094F9EDC-0FE7-4279-9BC4-9B1D934F841B}.Debug|Any CPU.Build.0 = Debug|Any CPU
		{094F9EDC-0FE7-4279-9BC4-9B1D934F841B}.Debug|Mixed Platforms.ActiveCfg = Debug|Any CPU
		{094F9EDC-0FE7-4279-9BC4-9B1D934F841B}.Debug|Mixed Platforms.Build.0 = Debug|Any CPU
		{094F9EDC-0FE7-4279-9BC4-9B1D934F841B}.Debug|Win32.ActiveCfg = Debug|Any CPU
		{094F9EDC-0FE7-4279-9BC4-9B1D934F841B}.Debug|x86.ActiveCfg = Debug|Any CPU
		{094F9EDC-0FE7-4279-9BC4-9B1D934F841B}.Release|Any CPU.ActiveCfg = Release|Any CPU
		{094F9EDC-0FE7-4279-9BC4-9B1D934F841B}.Release|Any CPU.Build.0 = Release|Any CPU
		{094F9EDC-0FE7-4279-9BC4-9B1D934F841B}.Release|Mixed Platforms.ActiveCfg = Release|Any CPU
		{094F9EDC-0FE7-4279-9BC4-9B1D934F841B}.Release|Mixed Platforms.Build.0 = Release|Any CPU
		{094F9EDC-0FE7-4279-9BC4-9B1D934F841B}.Release|Win32.ActiveCfg = Release|Any CPU
		{094F9EDC-0FE7-4279-9BC4-9B1D934F841B}.Release|x86.ActiveCfg = Release|Any CPU
		{08516D40-2FAF-471C-87EE-5477B4F02E54}.Debug|Any CPU.ActiveCfg = Debug|Any CPU
		{08516D40-2FAF-471C-87EE-5477B4F02E54}.Debug|Any CPU.Build.0 = Debug|Any CPU
		{08516D40-2FAF-471C-87EE-5477B4F02E54}.Debug|Mixed Platforms.ActiveCfg = Debug|Any CPU
		{08516D40-2FAF-471C-87EE-5477B4F02E54}.Debug|Mixed Platforms.Build.0 = Debug|Any CPU
		{08516D40-2FAF-471C-87EE-5477B4F02E54}.Debug|Win32.ActiveCfg = Debug|Any CPU
		{08516D40-2FAF-471C-87EE-5477B4F02E54}.Debug|x86.ActiveCfg = Debug|Any CPU
		{08516D40-2FAF-471C-87EE-5477B4F02E54}.Release|Any CPU.ActiveCfg = Release|Any CPU
		{08516D40-2FAF-471C-87EE-5477B4F02E54}.Release|Any CPU.Build.0 = Release|Any CPU
		{08516D40-2FAF-471C-87EE-5477B4F02E54}.Release|Mixed Platforms.ActiveCfg = Release|Any CPU
		{08516D40-2FAF-471C-87EE-5477B4F02E54}.Release|Mixed Platforms.Build.0 = Release|Any CPU
		{08516D40-2FAF-471C-87EE-5477B4F02E54}.Release|Win32.ActiveCfg = Release|Any CPU
		{08516D40-2FAF-471C-87EE-5477B4F02E54}.Release|x86.ActiveCfg = Release|Any CPU
		{D9E948F4-7E20-4C7D-8087-3C6DDCB285FB}.Debug|Any CPU.ActiveCfg = Debug|Any CPU
		{D9E948F4-7E20-4C7D-8087-3C6DDCB285FB}.Debug|Any CPU.Build.0 = Debug|Any CPU
		{D9E948F4-7E20-4C7D-8087-3C6DDCB285FB}.Debug|Mixed Platforms.ActiveCfg = Debug|Any CPU
		{D9E948F4-7E20-4C7D-8087-3C6DDCB285FB}.Debug|Mixed Platforms.Build.0 = Debug|Any CPU
		{D9E948F4-7E20-4C7D-8087-3C6DDCB285FB}.Debug|Win32.ActiveCfg = Debug|Any CPU
		{D9E948F4-7E20-4C7D-8087-3C6DDCB285FB}.Debug|x86.ActiveCfg = Debug|Any CPU
		{D9E948F4-7E20-4C7D-8087-3C6DDCB285FB}.Release|Any CPU.ActiveCfg = Release|Any CPU
		{D9E948F4-7E20-4C7D-8087-3C6DDCB285FB}.Release|Any CPU.Build.0 = Release|Any CPU
		{D9E948F4-7E20-4C7D-8087-3C6DDCB285FB}.Release|Mixed Platforms.ActiveCfg = Release|Any CPU
		{D9E948F4-7E20-4C7D-8087-3C6DDCB285FB}.Release|Mixed Platforms.Build.0 = Release|Any CPU
		{D9E948F4-7E20-4C7D-8087-3C6DDCB285FB}.Release|Win32.ActiveCfg = Release|Any CPU
		{D9E948F4-7E20-4C7D-8087-3C6DDCB285FB}.Release|x86.ActiveCfg = Release|Any CPU
		{51942690-0953-42B0-AF73-FA145F4FA2B4}.Debug|Any CPU.ActiveCfg = Debug|Any CPU
		{51942690-0953-42B0-AF73-FA145F4FA2B4}.Debug|Any CPU.Build.0 = Debug|Any CPU
		{51942690-0953-42B0-AF73-FA145F4FA2B4}.Debug|Mixed Platforms.ActiveCfg = Debug|Any CPU
		{51942690-0953-42B0-AF73-FA145F4FA2B4}.Debug|Mixed Platforms.Build.0 = Debug|Any CPU
		{51942690-0953-42B0-AF73-FA145F4FA2B4}.Debug|Win32.ActiveCfg = Debug|Any CPU
		{51942690-0953-42B0-AF73-FA145F4FA2B4}.Debug|x86.ActiveCfg = Debug|Any CPU
		{51942690-0953-42B0-AF73-FA145F4FA2B4}.Release|Any CPU.ActiveCfg = Release|Any CPU
		{51942690-0953-42B0-AF73-FA145F4FA2B4}.Release|Any CPU.Build.0 = Release|Any CPU
		{51942690-0953-42B0-AF73-FA145F4FA2B4}.Release|Mixed Platforms.ActiveCfg = Release|Any CPU
		{51942690-0953-42B0-AF73-FA145F4FA2B4}.Release|Mixed Platforms.Build.0 = Release|Any CPU
		{51942690-0953-42B0-AF73-FA145F4FA2B4}.Release|Win32.ActiveCfg = Release|Any CPU
		{51942690-0953-42B0-AF73-FA145F4FA2B4}.Release|x86.ActiveCfg = Release|Any CPU
		{E3A9F9C5-E517-4656-8D14-D86500F6A10E}.Debug|Any CPU.ActiveCfg = Debug|Any CPU
		{E3A9F9C5-E517-4656-8D14-D86500F6A10E}.Debug|Any CPU.Build.0 = Debug|Any CPU
		{E3A9F9C5-E517-4656-8D14-D86500F6A10E}.Debug|Mixed Platforms.ActiveCfg = Debug|Any CPU
		{E3A9F9C5-E517-4656-8D14-D86500F6A10E}.Debug|Mixed Platforms.Build.0 = Debug|Any CPU
		{E3A9F9C5-E517-4656-8D14-D86500F6A10E}.Debug|Win32.ActiveCfg = Debug|Any CPU
		{E3A9F9C5-E517-4656-8D14-D86500F6A10E}.Debug|x86.ActiveCfg = Debug|Any CPU
		{E3A9F9C5-E517-4656-8D14-D86500F6A10E}.Release|Any CPU.ActiveCfg = Release|Any CPU
		{E3A9F9C5-E517-4656-8D14-D86500F6A10E}.Release|Any CPU.Build.0 = Release|Any CPU
		{E3A9F9C5-E517-4656-8D14-D86500F6A10E}.Release|Mixed Platforms.ActiveCfg = Release|Any CPU
		{E3A9F9C5-E517-4656-8D14-D86500F6A10E}.Release|Mixed Platforms.Build.0 = Release|Any CPU
		{E3A9F9C5-E517-4656-8D14-D86500F6A10E}.Release|Win32.ActiveCfg = Release|Any CPU
		{E3A9F9C5-E517-4656-8D14-D86500F6A10E}.Release|x86.ActiveCfg = Release|Any CPU
	EndGlobalSection
	GlobalSection(SolutionProperties) = preSolution
		HideSolutionNode = FALSE
	EndGlobalSection
EndGlobal
