
Microsoft Visual Studio Solution File, Format Version 12.00
# Visual Studio Version 16
VisualStudioVersion = 16.0.32802.440
MinimumVisualStudioVersion = 10.0.40219.1
Project("{9A19103F-16F7-4668-BE54-9A1E7A4F7556}") = "AEGIS.Core", "AEGIS.Core\AEGIS.Core.csproj", "{A520846F-5D27-4FD2-9685-1A053CF6E9E7}"
EndProject
Project("{9A19103F-16F7-4668-BE54-9A1E7A4F7556}") = "AEGIS.Core.Graphs", "AEGIS.Core.Graphs\AEGIS.Core.Graphs.csproj", "{DC253192-8DAC-475A-9E24-AE546F007AC7}"
EndProject
Project("{9A19103F-16F7-4668-BE54-9A1E7A4F7556}") = "AEGIS.Core.Reference", "AEGIS.Core.Reference\AEGIS.Core.Reference.csproj", "{5DDF7B8F-597F-4323-8194-7E8AF18374F6}"
EndProject
Project("{9A19103F-16F7-4668-BE54-9A1E7A4F7556}") = "AEGIS.Core.Spectral", "AEGIS.Core.Spectral\AEGIS.Core.Spectral.csproj", "{A1453564-8B69-4C41-820A-473F784370F0}"
EndProject
Project("{9A19103F-16F7-4668-BE54-9A1E7A4F7556}") = "AEGIS.IO", "AEGIS.IO\AEGIS.IO.csproj", "{6B2106A1-410F-497C-B6B3-027EAC4F7CB1}"
EndProject
Project("{9A19103F-16F7-4668-BE54-9A1E7A4F7556}") = "AEGIS.IO.Spectral", "AEGIS.IO.Spectral\AEGIS.IO.Spectral.csproj", "{3D44D0CC-5BD4-4F0D-88B4-0170BEBD1BD3}"
EndProject
Project("{9A19103F-16F7-4668-BE54-9A1E7A4F7556}") = "AEGIS.Numerics", "AEGIS.Numerics\AEGIS.Numerics.csproj", "{006E2D5A-89DB-4606-B45F-62AB780BCD82}"
EndProject
Project("{9A19103F-16F7-4668-BE54-9A1E7A4F7556}") = "AEGIS.Operations", "AEGIS.Operations\AEGIS.Operations.csproj", "{971D2BCE-8208-4E55-AC48-6ECFEFF6A8D8}"
EndProject
Project("{9A19103F-16F7-4668-BE54-9A1E7A4F7556}") = "AEGIS.Operations.Graphs", "AEGIS.Operations.Graphs\AEGIS.Operations.Graphs.csproj", "{15062F10-B8EF-4EE2-BC22-BA19258A7B9F}"
EndProject
Project("{9A19103F-16F7-4668-BE54-9A1E7A4F7556}") = "AEGIS.Operations.Reference", "AEGIS.Operations.Reference\AEGIS.Operations.Reference.csproj", "{C25E51CA-0A4A-42B3-8FBB-B441EC4BF5EF}"
EndProject
Project("{9A19103F-16F7-4668-BE54-9A1E7A4F7556}") = "AEGIS.Operations.Reference.Graph", "AEGIS.Operations.Reference.Graph\AEGIS.Operations.Reference.Graph.csproj", "{0B4465B9-93E9-42BA-A86D-D8DD5AC31595}"
EndProject
Project("{9A19103F-16F7-4668-BE54-9A1E7A4F7556}") = "AEGIS.Operations.Spectral", "AEGIS.Operations.Spectral\AEGIS.Operations.Spectral.csproj", "{B0F55153-008C-4F31-A76B-62F982CA51E6}"
EndProject
Project("{9A19103F-16F7-4668-BE54-9A1E7A4F7556}") = "AEGIS.Temporal", "AEGIS.Temporal\AEGIS.Temporal.csproj", "{095E56D2-0ACF-47F0-A22A-23E8A0D2E11B}"
EndProject
Project("{9A19103F-16F7-4668-BE54-9A1E7A4F7556}") = "AEGIS.Temporal.Reference", "AEGIS.Temporal.Reference\AEGIS.Temporal.Reference.csproj", "{E6BB5BFC-6931-421E-9312-910CAF148074}"
EndProject
Project("{9A19103F-16F7-4668-BE54-9A1E7A4F7556}") = "AEGIS.IO.Hadoop", "AEGIS.IO.Hadoop\AEGIS.IO.Hadoop.csproj", "{CA0B8600-E69E-4A3B-949B-BF4B76EF402D}"
EndProject
Project("{9A19103F-16F7-4668-BE54-9A1E7A4F7556}") = "AEGIS.Tests.Core", "AEGIS.Tests.Core\AEGIS.Tests.Core.csproj", "{D3465A47-18CC-43E0-A43C-192E283EB33A}"
EndProject
Project("{9A19103F-16F7-4668-BE54-9A1E7A4F7556}") = "AEGIS.Tests.Core.Graphs", "AEGIS.Tests.Core.Graphs\AEGIS.Tests.Core.Graphs.csproj", "{24B815B7-E3E0-4853-BA5F-8E892CC95A5A}"
EndProject
Project("{9A19103F-16F7-4668-BE54-9A1E7A4F7556}") = "AEGIS.Tests.Core.Reference", "AEGIS.Tests.Core.Reference\AEGIS.Tests.Core.Reference.csproj", "{98890A8E-F13A-4949-B614-D489C34EE59F}"
EndProject
Project("{9A19103F-16F7-4668-BE54-9A1E7A4F7556}") = "AEGIS.Tests.Core.Spectral", "AEGIS.Tests.Core.Spectral\AEGIS.Tests.Core.Spectral.csproj", "{36FD7B1F-8786-4483-9A1F-BA4984829A97}"
EndProject
Project("{9A19103F-16F7-4668-BE54-9A1E7A4F7556}") = "AEGIS.Tests.IO", "AEGIS.Tests.IO\AEGIS.Tests.IO.csproj", "{E42E3867-3B96-4A1F-9702-57180987C40D}"
EndProject
Project("{9A19103F-16F7-4668-BE54-9A1E7A4F7556}") = "AEGIS.Tests.IO.Hadoop", "AEGIS.Tests.IO.Hadoop\AEGIS.Tests.IO.Hadoop.csproj", "{3B1F888A-6C9E-4ACF-8C19-E02A09ABFBB4}"
EndProject
Project("{9A19103F-16F7-4668-BE54-9A1E7A4F7556}") = "AEGIS.Tests.Numerics", "AEGIS.Tests.Numerics\AEGIS.Tests.Numerics.csproj", "{A95A1E22-CD53-4A49-81E1-CA597A15DA92}"
EndProject
Project("{9A19103F-16F7-4668-BE54-9A1E7A4F7556}") = "AEGIS.Tests.Operations", "AEGIS.Tests.Operations\AEGIS.Tests.Operations.csproj", "{B7720FD2-CAD5-454D-A20D-51ACD904D6BC}"
EndProject
Project("{9A19103F-16F7-4668-BE54-9A1E7A4F7556}") = "AEGIS.Tests.Operations.Graphs", "AEGIS.Tests.Operations.Graphs\AEGIS.Tests.Operations.Graphs.csproj", "{5487426E-064F-4320-B587-DC60909A8E0C}"
EndProject
Project("{9A19103F-16F7-4668-BE54-9A1E7A4F7556}") = "AEGIS.Tests.Operations.Reference", "AEGIS.Tests.Operations.Reference\AEGIS.Tests.Operations.Reference.csproj", "{5A5283CC-47BF-4CA5-B713-A9AB0D25DA66}"
EndProject
Project("{9A19103F-16F7-4668-BE54-9A1E7A4F7556}") = "AEGIS.Tests.Operations.Reference.Graph", "AEGIS.Tests.Operations.Reference.Graph\AEGIS.Tests.Operations.Reference.Graph.csproj", "{8A82F186-4192-4886-9AEF-A8C37C783F47}"
EndProject
Project("{9A19103F-16F7-4668-BE54-9A1E7A4F7556}") = "AEGIS.Tests.Operations.Spectral", "AEGIS.Tests.Operations.Spectral\AEGIS.Tests.Operations.Spectral.csproj", "{60E06891-5015-4A77-9285-389142034FC2}"
EndProject
Project("{9A19103F-16F7-4668-BE54-9A1E7A4F7556}") = "AEGIS.Tests.Temporal.Reference", "AEGIS.Tests.Temporal.Reference\AEGIS.Tests.Temporal.Reference.csproj", "{4D277D35-BC81-4B5E-B9E0-7D14EEBA9DFD}"
EndProject
Project("{2150E333-8FDC-42A3-9474-1A3956D46DE8}") = "Solution Items", "Solution Items", "{5B98C2D4-A8D1-43D7-8F7C-703412C5AD5A}"
	ProjectSection(SolutionItems) = preProject
		AEGIS.nuspec = AEGIS.nuspec
		LICENSE = LICENSE
		README.md = README.md
	EndProjectSection
EndProject
Project("{9A19103F-16F7-4668-BE54-9A1E7A4F7556}") = "AEGIS.LiDAR", "AEGIS.LiDAR\AEGIS.LiDAR.csproj", "{3D055E11-598B-4223-A4DD-86794812C80C}"
EndProject
Project("{9A19103F-16F7-4668-BE54-9A1E7A4F7556}") = "AEGIS.Tests.LiDAR", "AEGIS.Tests.LiDAR\AEGIS.Tests.LiDAR.csproj", "{3FDD9479-C85D-4B56-ACC2-A18B950F8566}"
EndProject
Project("{FAE04EC0-301F-11D3-BF4B-00C04F79EFBC}") = "AEGIS.Versioning", "AEGIS.Versioning\AEGIS.Versioning.csproj", "{4305B1FC-20EE-465F-AF7A-2C1B9251873E}"
EndProject
Project("{FAE04EC0-301F-11D3-BF4B-00C04F79EFBC}") = "AEGIS.Tests.Versioning", "AEGIS.Tests.Versioning\AEGIS.Tests.Versioning.csproj", "{8FF58AB4-4339-4AA9-B815-1E4DE9022C7A}"
EndProject
Global
	GlobalSection(SolutionConfigurationPlatforms) = preSolution
		Debug|Any CPU = Debug|Any CPU
		Release|Any CPU = Release|Any CPU
	EndGlobalSection
	GlobalSection(ProjectConfigurationPlatforms) = postSolution
		{A520846F-5D27-4FD2-9685-1A053CF6E9E7}.Debug|Any CPU.ActiveCfg = Debug|Any CPU
		{A520846F-5D27-4FD2-9685-1A053CF6E9E7}.Debug|Any CPU.Build.0 = Debug|Any CPU
		{A520846F-5D27-4FD2-9685-1A053CF6E9E7}.Release|Any CPU.ActiveCfg = Release|Any CPU
		{A520846F-5D27-4FD2-9685-1A053CF6E9E7}.Release|Any CPU.Build.0 = Release|Any CPU
		{DC253192-8DAC-475A-9E24-AE546F007AC7}.Debug|Any CPU.ActiveCfg = Debug|Any CPU
		{DC253192-8DAC-475A-9E24-AE546F007AC7}.Debug|Any CPU.Build.0 = Debug|Any CPU
		{DC253192-8DAC-475A-9E24-AE546F007AC7}.Release|Any CPU.ActiveCfg = Release|Any CPU
		{DC253192-8DAC-475A-9E24-AE546F007AC7}.Release|Any CPU.Build.0 = Release|Any CPU
		{5DDF7B8F-597F-4323-8194-7E8AF18374F6}.Debug|Any CPU.ActiveCfg = Debug|Any CPU
		{5DDF7B8F-597F-4323-8194-7E8AF18374F6}.Debug|Any CPU.Build.0 = Debug|Any CPU
		{5DDF7B8F-597F-4323-8194-7E8AF18374F6}.Release|Any CPU.ActiveCfg = Release|Any CPU
		{5DDF7B8F-597F-4323-8194-7E8AF18374F6}.Release|Any CPU.Build.0 = Release|Any CPU
		{A1453564-8B69-4C41-820A-473F784370F0}.Debug|Any CPU.ActiveCfg = Debug|Any CPU
		{A1453564-8B69-4C41-820A-473F784370F0}.Debug|Any CPU.Build.0 = Debug|Any CPU
		{A1453564-8B69-4C41-820A-473F784370F0}.Release|Any CPU.ActiveCfg = Release|Any CPU
		{A1453564-8B69-4C41-820A-473F784370F0}.Release|Any CPU.Build.0 = Release|Any CPU
		{6B2106A1-410F-497C-B6B3-027EAC4F7CB1}.Debug|Any CPU.ActiveCfg = Debug|Any CPU
		{6B2106A1-410F-497C-B6B3-027EAC4F7CB1}.Debug|Any CPU.Build.0 = Debug|Any CPU
		{6B2106A1-410F-497C-B6B3-027EAC4F7CB1}.Release|Any CPU.ActiveCfg = Release|Any CPU
		{6B2106A1-410F-497C-B6B3-027EAC4F7CB1}.Release|Any CPU.Build.0 = Release|Any CPU
		{3D44D0CC-5BD4-4F0D-88B4-0170BEBD1BD3}.Debug|Any CPU.ActiveCfg = Debug|Any CPU
		{3D44D0CC-5BD4-4F0D-88B4-0170BEBD1BD3}.Debug|Any CPU.Build.0 = Debug|Any CPU
		{3D44D0CC-5BD4-4F0D-88B4-0170BEBD1BD3}.Release|Any CPU.ActiveCfg = Release|Any CPU
		{3D44D0CC-5BD4-4F0D-88B4-0170BEBD1BD3}.Release|Any CPU.Build.0 = Release|Any CPU
		{006E2D5A-89DB-4606-B45F-62AB780BCD82}.Debug|Any CPU.ActiveCfg = Debug|Any CPU
		{006E2D5A-89DB-4606-B45F-62AB780BCD82}.Debug|Any CPU.Build.0 = Debug|Any CPU
		{006E2D5A-89DB-4606-B45F-62AB780BCD82}.Release|Any CPU.ActiveCfg = Release|Any CPU
		{006E2D5A-89DB-4606-B45F-62AB780BCD82}.Release|Any CPU.Build.0 = Release|Any CPU
		{971D2BCE-8208-4E55-AC48-6ECFEFF6A8D8}.Debug|Any CPU.ActiveCfg = Debug|Any CPU
		{971D2BCE-8208-4E55-AC48-6ECFEFF6A8D8}.Debug|Any CPU.Build.0 = Debug|Any CPU
		{971D2BCE-8208-4E55-AC48-6ECFEFF6A8D8}.Release|Any CPU.ActiveCfg = Release|Any CPU
		{971D2BCE-8208-4E55-AC48-6ECFEFF6A8D8}.Release|Any CPU.Build.0 = Release|Any CPU
		{15062F10-B8EF-4EE2-BC22-BA19258A7B9F}.Debug|Any CPU.ActiveCfg = Debug|Any CPU
		{15062F10-B8EF-4EE2-BC22-BA19258A7B9F}.Debug|Any CPU.Build.0 = Debug|Any CPU
		{15062F10-B8EF-4EE2-BC22-BA19258A7B9F}.Release|Any CPU.ActiveCfg = Release|Any CPU
		{15062F10-B8EF-4EE2-BC22-BA19258A7B9F}.Release|Any CPU.Build.0 = Release|Any CPU
		{C25E51CA-0A4A-42B3-8FBB-B441EC4BF5EF}.Debug|Any CPU.ActiveCfg = Debug|Any CPU
		{C25E51CA-0A4A-42B3-8FBB-B441EC4BF5EF}.Debug|Any CPU.Build.0 = Debug|Any CPU
		{C25E51CA-0A4A-42B3-8FBB-B441EC4BF5EF}.Release|Any CPU.ActiveCfg = Release|Any CPU
		{C25E51CA-0A4A-42B3-8FBB-B441EC4BF5EF}.Release|Any CPU.Build.0 = Release|Any CPU
		{0B4465B9-93E9-42BA-A86D-D8DD5AC31595}.Debug|Any CPU.ActiveCfg = Debug|Any CPU
		{0B4465B9-93E9-42BA-A86D-D8DD5AC31595}.Debug|Any CPU.Build.0 = Debug|Any CPU
		{0B4465B9-93E9-42BA-A86D-D8DD5AC31595}.Release|Any CPU.ActiveCfg = Release|Any CPU
		{0B4465B9-93E9-42BA-A86D-D8DD5AC31595}.Release|Any CPU.Build.0 = Release|Any CPU
		{B0F55153-008C-4F31-A76B-62F982CA51E6}.Debug|Any CPU.ActiveCfg = Debug|Any CPU
		{B0F55153-008C-4F31-A76B-62F982CA51E6}.Debug|Any CPU.Build.0 = Debug|Any CPU
		{B0F55153-008C-4F31-A76B-62F982CA51E6}.Release|Any CPU.ActiveCfg = Release|Any CPU
		{B0F55153-008C-4F31-A76B-62F982CA51E6}.Release|Any CPU.Build.0 = Release|Any CPU
		{095E56D2-0ACF-47F0-A22A-23E8A0D2E11B}.Debug|Any CPU.ActiveCfg = Debug|Any CPU
		{095E56D2-0ACF-47F0-A22A-23E8A0D2E11B}.Debug|Any CPU.Build.0 = Debug|Any CPU
		{095E56D2-0ACF-47F0-A22A-23E8A0D2E11B}.Release|Any CPU.ActiveCfg = Release|Any CPU
		{095E56D2-0ACF-47F0-A22A-23E8A0D2E11B}.Release|Any CPU.Build.0 = Release|Any CPU
		{E6BB5BFC-6931-421E-9312-910CAF148074}.Debug|Any CPU.ActiveCfg = Debug|Any CPU
		{E6BB5BFC-6931-421E-9312-910CAF148074}.Debug|Any CPU.Build.0 = Debug|Any CPU
		{E6BB5BFC-6931-421E-9312-910CAF148074}.Release|Any CPU.ActiveCfg = Release|Any CPU
		{E6BB5BFC-6931-421E-9312-910CAF148074}.Release|Any CPU.Build.0 = Release|Any CPU
		{CA0B8600-E69E-4A3B-949B-BF4B76EF402D}.Debug|Any CPU.ActiveCfg = Debug|Any CPU
		{CA0B8600-E69E-4A3B-949B-BF4B76EF402D}.Debug|Any CPU.Build.0 = Debug|Any CPU
		{CA0B8600-E69E-4A3B-949B-BF4B76EF402D}.Release|Any CPU.ActiveCfg = Release|Any CPU
		{CA0B8600-E69E-4A3B-949B-BF4B76EF402D}.Release|Any CPU.Build.0 = Release|Any CPU
		{D3465A47-18CC-43E0-A43C-192E283EB33A}.Debug|Any CPU.ActiveCfg = Debug|Any CPU
		{D3465A47-18CC-43E0-A43C-192E283EB33A}.Debug|Any CPU.Build.0 = Debug|Any CPU
		{D3465A47-18CC-43E0-A43C-192E283EB33A}.Release|Any CPU.ActiveCfg = Release|Any CPU
		{D3465A47-18CC-43E0-A43C-192E283EB33A}.Release|Any CPU.Build.0 = Release|Any CPU
		{24B815B7-E3E0-4853-BA5F-8E892CC95A5A}.Debug|Any CPU.ActiveCfg = Debug|Any CPU
		{24B815B7-E3E0-4853-BA5F-8E892CC95A5A}.Debug|Any CPU.Build.0 = Debug|Any CPU
		{24B815B7-E3E0-4853-BA5F-8E892CC95A5A}.Release|Any CPU.ActiveCfg = Release|Any CPU
		{24B815B7-E3E0-4853-BA5F-8E892CC95A5A}.Release|Any CPU.Build.0 = Release|Any CPU
		{98890A8E-F13A-4949-B614-D489C34EE59F}.Debug|Any CPU.ActiveCfg = Debug|Any CPU
		{98890A8E-F13A-4949-B614-D489C34EE59F}.Debug|Any CPU.Build.0 = Debug|Any CPU
		{98890A8E-F13A-4949-B614-D489C34EE59F}.Release|Any CPU.ActiveCfg = Release|Any CPU
		{98890A8E-F13A-4949-B614-D489C34EE59F}.Release|Any CPU.Build.0 = Release|Any CPU
		{36FD7B1F-8786-4483-9A1F-BA4984829A97}.Debug|Any CPU.ActiveCfg = Debug|Any CPU
		{36FD7B1F-8786-4483-9A1F-BA4984829A97}.Debug|Any CPU.Build.0 = Debug|Any CPU
		{36FD7B1F-8786-4483-9A1F-BA4984829A97}.Release|Any CPU.ActiveCfg = Release|Any CPU
		{36FD7B1F-8786-4483-9A1F-BA4984829A97}.Release|Any CPU.Build.0 = Release|Any CPU
		{E42E3867-3B96-4A1F-9702-57180987C40D}.Debug|Any CPU.ActiveCfg = Debug|Any CPU
		{E42E3867-3B96-4A1F-9702-57180987C40D}.Debug|Any CPU.Build.0 = Debug|Any CPU
		{E42E3867-3B96-4A1F-9702-57180987C40D}.Release|Any CPU.ActiveCfg = Release|Any CPU
		{E42E3867-3B96-4A1F-9702-57180987C40D}.Release|Any CPU.Build.0 = Release|Any CPU
		{3B1F888A-6C9E-4ACF-8C19-E02A09ABFBB4}.Debug|Any CPU.ActiveCfg = Debug|Any CPU
		{3B1F888A-6C9E-4ACF-8C19-E02A09ABFBB4}.Debug|Any CPU.Build.0 = Debug|Any CPU
		{3B1F888A-6C9E-4ACF-8C19-E02A09ABFBB4}.Release|Any CPU.ActiveCfg = Release|Any CPU
		{3B1F888A-6C9E-4ACF-8C19-E02A09ABFBB4}.Release|Any CPU.Build.0 = Release|Any CPU
		{A95A1E22-CD53-4A49-81E1-CA597A15DA92}.Debug|Any CPU.ActiveCfg = Debug|Any CPU
		{A95A1E22-CD53-4A49-81E1-CA597A15DA92}.Debug|Any CPU.Build.0 = Debug|Any CPU
		{A95A1E22-CD53-4A49-81E1-CA597A15DA92}.Release|Any CPU.ActiveCfg = Release|Any CPU
		{A95A1E22-CD53-4A49-81E1-CA597A15DA92}.Release|Any CPU.Build.0 = Release|Any CPU
		{B7720FD2-CAD5-454D-A20D-51ACD904D6BC}.Debug|Any CPU.ActiveCfg = Debug|Any CPU
		{B7720FD2-CAD5-454D-A20D-51ACD904D6BC}.Debug|Any CPU.Build.0 = Debug|Any CPU
		{B7720FD2-CAD5-454D-A20D-51ACD904D6BC}.Release|Any CPU.ActiveCfg = Release|Any CPU
		{B7720FD2-CAD5-454D-A20D-51ACD904D6BC}.Release|Any CPU.Build.0 = Release|Any CPU
		{5487426E-064F-4320-B587-DC60909A8E0C}.Debug|Any CPU.ActiveCfg = Debug|Any CPU
		{5487426E-064F-4320-B587-DC60909A8E0C}.Debug|Any CPU.Build.0 = Debug|Any CPU
		{5487426E-064F-4320-B587-DC60909A8E0C}.Release|Any CPU.ActiveCfg = Release|Any CPU
		{5487426E-064F-4320-B587-DC60909A8E0C}.Release|Any CPU.Build.0 = Release|Any CPU
		{5A5283CC-47BF-4CA5-B713-A9AB0D25DA66}.Debug|Any CPU.ActiveCfg = Debug|Any CPU
		{5A5283CC-47BF-4CA5-B713-A9AB0D25DA66}.Debug|Any CPU.Build.0 = Debug|Any CPU
		{5A5283CC-47BF-4CA5-B713-A9AB0D25DA66}.Release|Any CPU.ActiveCfg = Release|Any CPU
		{5A5283CC-47BF-4CA5-B713-A9AB0D25DA66}.Release|Any CPU.Build.0 = Release|Any CPU
		{8A82F186-4192-4886-9AEF-A8C37C783F47}.Debug|Any CPU.ActiveCfg = Debug|Any CPU
		{8A82F186-4192-4886-9AEF-A8C37C783F47}.Debug|Any CPU.Build.0 = Debug|Any CPU
		{8A82F186-4192-4886-9AEF-A8C37C783F47}.Release|Any CPU.ActiveCfg = Release|Any CPU
		{8A82F186-4192-4886-9AEF-A8C37C783F47}.Release|Any CPU.Build.0 = Release|Any CPU
		{60E06891-5015-4A77-9285-389142034FC2}.Debug|Any CPU.ActiveCfg = Debug|Any CPU
		{60E06891-5015-4A77-9285-389142034FC2}.Debug|Any CPU.Build.0 = Debug|Any CPU
		{60E06891-5015-4A77-9285-389142034FC2}.Release|Any CPU.ActiveCfg = Release|Any CPU
		{60E06891-5015-4A77-9285-389142034FC2}.Release|Any CPU.Build.0 = Release|Any CPU
		{4D277D35-BC81-4B5E-B9E0-7D14EEBA9DFD}.Debug|Any CPU.ActiveCfg = Debug|Any CPU
		{4D277D35-BC81-4B5E-B9E0-7D14EEBA9DFD}.Debug|Any CPU.Build.0 = Debug|Any CPU
		{4D277D35-BC81-4B5E-B9E0-7D14EEBA9DFD}.Release|Any CPU.ActiveCfg = Release|Any CPU
		{4D277D35-BC81-4B5E-B9E0-7D14EEBA9DFD}.Release|Any CPU.Build.0 = Release|Any CPU
		{3D055E11-598B-4223-A4DD-86794812C80C}.Debug|Any CPU.ActiveCfg = Debug|Any CPU
		{3D055E11-598B-4223-A4DD-86794812C80C}.Debug|Any CPU.Build.0 = Debug|Any CPU
		{3D055E11-598B-4223-A4DD-86794812C80C}.Release|Any CPU.ActiveCfg = Release|Any CPU
		{3D055E11-598B-4223-A4DD-86794812C80C}.Release|Any CPU.Build.0 = Release|Any CPU
		{3FDD9479-C85D-4B56-ACC2-A18B950F8566}.Debug|Any CPU.ActiveCfg = Debug|Any CPU
		{3FDD9479-C85D-4B56-ACC2-A18B950F8566}.Debug|Any CPU.Build.0 = Debug|Any CPU
		{3FDD9479-C85D-4B56-ACC2-A18B950F8566}.Release|Any CPU.ActiveCfg = Release|Any CPU
		{3FDD9479-C85D-4B56-ACC2-A18B950F8566}.Release|Any CPU.Build.0 = Release|Any CPU
		{4305B1FC-20EE-465F-AF7A-2C1B9251873E}.Debug|Any CPU.ActiveCfg = Debug|Any CPU
		{4305B1FC-20EE-465F-AF7A-2C1B9251873E}.Debug|Any CPU.Build.0 = Debug|Any CPU
		{4305B1FC-20EE-465F-AF7A-2C1B9251873E}.Release|Any CPU.ActiveCfg = Release|Any CPU
		{4305B1FC-20EE-465F-AF7A-2C1B9251873E}.Release|Any CPU.Build.0 = Release|Any CPU
		{8FF58AB4-4339-4AA9-B815-1E4DE9022C7A}.Debug|Any CPU.ActiveCfg = Debug|Any CPU
		{8FF58AB4-4339-4AA9-B815-1E4DE9022C7A}.Debug|Any CPU.Build.0 = Debug|Any CPU
		{8FF58AB4-4339-4AA9-B815-1E4DE9022C7A}.Release|Any CPU.ActiveCfg = Release|Any CPU
		{8FF58AB4-4339-4AA9-B815-1E4DE9022C7A}.Release|Any CPU.Build.0 = Release|Any CPU
	EndGlobalSection
	GlobalSection(SolutionProperties) = preSolution
		HideSolutionNode = FALSE
	EndGlobalSection
	GlobalSection(ExtensibilityGlobals) = postSolution
		SolutionGuid = {31862DCF-5BC4-4C83-91DF-A80C94CC2AD1}
	EndGlobalSection
EndGlobal
